{
  "name": "swc-plugin-i18n",
  "version": "1.0.0-canary.0",
  "lockfileVersion": 2,
  "requires": true,
  "packages": {
    "": {
      "name": "swc-plugin-i18n",
      "version": "1.0.0-canary.0",
      "license": "ISC",
      "devDependencies": {
        "ncp": "2.0.0"
      }
    },
    "node_modules/ncp": {
      "version": "2.0.0",
      "resolved": "https://digitecgalaxus.pkgs.visualstudio.com/_packaging/Devinite/npm/registry/ncp/-/ncp-2.0.0.tgz",
      "integrity": "sha1-GVoh1sRuNh0vsSgbo4uR6d9727M=",
      "dev": true,
      "license": "MIT",
      "bin": {
        "ncp": "bin/ncp"
      }
    }
  },
  "dependencies": {
    "ncp": {
      "version": "2.0.0",
      "resolved": "https://digitecgalaxus.pkgs.visualstudio.com/_packaging/Devinite/npm/registry/ncp/-/ncp-2.0.0.tgz",
      "integrity": "sha1-GVoh1sRuNh0vsSgbo4uR6d9727M=",
      "dev": true
    }
  }
}
